
Microsoft Visual Studio Solution File, Format Version 12.00
# Visual Studio Version 16
VisualStudioVersion = 16.0.31112.23
MinimumVisualStudioVersion = 10.0.40219.1
Project("{FAE04EC0-301F-11D3-BF4B-00C04F79EFBC}") = "UserFile", "UserFile\UserFile.csproj", "{70DE665C-5536-45BB-A51F-4820F64792F4}"
EndProject
Global
	GlobalSection(SolutionConfigurationPlatforms) = preSolution
		Debug|Any CPU = Debug|Any CPU
		Release|Any CPU = Release|Any CPU
	EndGlobalSection
	GlobalSection(ProjectConfigurationPlatforms) = postSolution
		{70DE665C-5536-45BB-A51F-4820F64792F4}.Debug|Any CPU.ActiveCfg = Debug|Any CPU
		{70DE665C-5536-45BB-A51F-4820F64792F4}.Debug|Any CPU.Build.0 = Debug|Any CPU
		{70DE665C-5536-45BB-A51F-4820F64792F4}.Release|Any CPU.ActiveCfg = Release|Any CPU
		{70DE665C-5536-45BB-A51F-4820F64792F4}.Release|Any CPU.Build.0 = Release|Any CPU
	EndGlobalSection
	GlobalSection(SolutionProperties) = preSolution
		HideSolutionNode = FALSE
	EndGlobalSection
	GlobalSection(ExtensibilityGlobals) = postSolution
		SolutionGuid = {9401BDC3-EBAB-4AE3-937C-53C577C8C19F}
	EndGlobalSection
EndGlobal
